
Microsoft Visual Studio Solution File, Format Version 12.00
# Visual Studio Version 16
VisualStudioVersion = 16.0.29418.71
MinimumVisualStudioVersion = 10.0.40219.1
Project("{8BC9CEB8-8B4A-11D0-8D11-00A0C91BC942}") = "a_star", "a_star\a_star.vcxproj", "{BD5C2093-4883-4E8C-8A1C-4FB5BA825466}"
EndProject
Global
	GlobalSection(SolutionConfigurationPlatforms) = preSolution
		Debug|x64 = Debug|x64
		Debug|x86 = Debug|x86
		Release|x64 = Release|x64
		Release|x86 = Release|x86
	EndGlobalSection
	GlobalSection(ProjectConfigurationPlatforms) = postSolution
		{BD5C2093-4883-4E8C-8A1C-4FB5BA825466}.Debug|x64.ActiveCfg = Debug|x64
		{BD5C2093-4883-4E8C-8A1C-4FB5BA825466}.Debug|x64.Build.0 = Debug|x64
		{BD5C2093-4883-4E8C-8A1C-4FB5BA825466}.Debug|x86.ActiveCfg = Debug|Win32
		{BD5C2093-4883-4E8C-8A1C-4FB5BA825466}.Debug|x86.Build.0 = Debug|Win32
		{BD5C2093-4883-4E8C-8A1C-4FB5BA825466}.Release|x64.ActiveCfg = Release|x64
		{BD5C2093-4883-4E8C-8A1C-4FB5BA825466}.Release|x64.Build.0 = Release|x64
		{BD5C2093-4883-4E8C-8A1C-4FB5BA825466}.Release|x86.ActiveCfg = Release|Win32
		{BD5C2093-4883-4E8C-8A1C-4FB5BA825466}.Release|x86.Build.0 = Release|Win32
	EndGlobalSection
	GlobalSection(SolutionProperties) = preSolution
		HideSolutionNode = FALSE
	EndGlobalSection
	GlobalSection(ExtensibilityGlobals) = postSolution
		SolutionGuid = {943C12B6-6FC0-4D3F-9D6E-08DB2702B615}
	EndGlobalSection
EndGlobal
